{
	"name": "tokenPairMonitor",
	"lockfileVersion": 3,
	"requires": true,
	"packages": {
		"": {
			"name": "tokenPairMonitor",
			"dependencies": {
				"@tenderly/actions": "^0.2.88",
				"@types/node": "^22.10.2",
				"elliptic": "^6.6.1",
				"ethers": "^6.13.4",
				"opsgenie-sdk": "^0.5.1",
				"tough-cookie": "^5.0.0",
				"ws": "^8.18.0"
			},
			"devDependencies": {
				"elliptic": "^6.6.1",
				"prettier": "^3.5.1",
				"tough-cookie": "^5.0.0",
				"typescript": "^4.3.5",
				"ws": "^8.18.0"
			}
		},
		"node_modules/@adraffy/ens-normalize": {
			"version": "1.10.1",
			"resolved": "https://registry.npmjs.org/@adraffy/ens-normalize/-/ens-normalize-1.10.1.tgz",
			"integrity": "sha512-96Z2IP3mYmF1Xg2cDm8f1gWGf/HUVedQ3FMifV4kG/PQ4yEP51xDtRAEfhVNt5f/uzpNkZHwWQuUcu6D6K+Ekw==",
			"license": "MIT"
		},
		"node_modules/@noble/curves": {
			"version": "1.2.0",
			"resolved": "https://registry.npmjs.org/@noble/curves/-/curves-1.2.0.tgz",
			"integrity": "sha512-oYclrNgRaM9SsBUBVbb8M6DTV7ZHRTKugureoYEncY5c65HOmRzvSiTE3y5CYaPYJA/GVkrhXEoF0M3Ya9PMnw==",
			"license": "MIT",
			"dependencies": {
				"@noble/hashes": "1.3.2"
			},
			"funding": {
				"url": "https://paulmillr.com/funding/"
			}
		},
		"node_modules/@noble/hashes": {
			"version": "1.3.2",
			"resolved": "https://registry.npmjs.org/@noble/hashes/-/hashes-1.3.2.tgz",
			"integrity": "sha512-MVC8EAQp7MvEcm30KWENFjgR+Mkmf+D189XJTkFIlwohU5hcBbn1ZkKq7KVTi2Hme3PMGF390DaL52beVrIihQ==",
			"license": "MIT",
			"engines": {
				"node": ">= 16"
			},
			"funding": {
				"url": "https://paulmillr.com/funding/"
			}
		},
		"node_modules/@tenderly/actions": {
			"version": "0.2.107",
			"resolved": "https://registry.npmjs.org/@tenderly/actions/-/actions-0.2.107.tgz",
			"integrity": "sha512-giFjomLS/GPOQkwBPXCYRf96d0HJ6YMGiLPqfonzSivo129dk8fRHPJLOKY73BUgtDhk9Pk6FbImNdIZjnD0Eg=="
		},
		"node_modules/@types/node": {
			"version": "22.13.5",
			"resolved": "https://registry.npmjs.org/@types/node/-/node-22.13.5.tgz",
			"integrity": "sha512-+lTU0PxZXn0Dr1NBtC7Y8cR21AJr87dLLU953CWA6pMxxv/UDc7jYAY90upcrie1nRcD6XNG5HOYEDtgW5TxAg==",
			"license": "MIT",
			"dependencies": {
				"undici-types": "~6.20.0"
			}
		},
		"node_modules/aes-js": {
			"version": "4.0.0-beta.5",
			"resolved": "https://registry.npmjs.org/aes-js/-/aes-js-4.0.0-beta.5.tgz",
			"integrity": "sha512-G965FqalsNyrPqgEGON7nIx1e/OVENSgiEIzyC63haUMuvNnwIgIjMs52hlTCKhkBny7A2ORNlfY9Zu+jmGk1Q==",
			"license": "MIT"
		},
		"node_modules/ajv": {
			"version": "6.12.6",
			"resolved": "https://registry.npmjs.org/ajv/-/ajv-6.12.6.tgz",
			"integrity": "sha512-j3fVLgvTo527anyYyJOGTYJbG+vnnQYvE0m5mmkc1TK+nxAppkCLMIL0aZ4dblVCNoGShhm+kzE4ZUykBoMg4g==",
			"license": "MIT",
			"peer": true,
			"dependencies": {
				"fast-deep-equal": "^3.1.1",
				"fast-json-stable-stringify": "^2.0.0",
				"json-schema-traverse": "^0.4.1",
				"uri-js": "^4.2.2"
			},
			"funding": {
				"type": "github",
				"url": "https://github.com/sponsors/epoberezkin"
			}
		},
		"node_modules/asn1": {
			"version": "0.2.6",
			"resolved": "https://registry.npmjs.org/asn1/-/asn1-0.2.6.tgz",
			"integrity": "sha512-ix/FxPn0MDjeyJ7i/yoHGFt/EX6LyNbxSEhPPXODPL+KB0VPk86UYfL0lMdy+KCnv+fmvIzySwaK5COwqVbWTQ==",
			"license": "MIT",
			"peer": true,
			"dependencies": {
				"safer-buffer": "~2.1.0"
			}
		},
		"node_modules/assert-plus": {
			"version": "1.0.0",
			"resolved": "https://registry.npmjs.org/assert-plus/-/assert-plus-1.0.0.tgz",
			"integrity": "sha512-NfJ4UzBCcQGLDlQq7nHxH+tv3kyZ0hHQqF5BO6J7tNJeP5do1llPr8dZ8zHonfhAu0PHAdMkSo+8o0wxg9lZWw==",
			"license": "MIT",
			"peer": true,
			"engines": {
				"node": ">=0.8"
			}
		},
		"node_modules/asynckit": {
			"version": "0.4.0",
			"resolved": "https://registry.npmjs.org/asynckit/-/asynckit-0.4.0.tgz",
			"integrity": "sha512-Oei9OH4tRh0YqU3GxhX79dM/mwVgvbZJaSNaRk+bshkj0S5cfHcgYakreBjrHwatXKbz+IoIdYLxrKim2MjW0Q==",
			"license": "MIT",
			"peer": true
		},
		"node_modules/aws-sign2": {
			"version": "0.7.0",
			"resolved": "https://registry.npmjs.org/aws-sign2/-/aws-sign2-0.7.0.tgz",
			"integrity": "sha512-08kcGqnYf/YmjoRhfxyu+CLxBjUtHLXLXX/vUfx9l2LYzG3c1m61nrpyFUZI6zeS+Li/wWMMidD9KgrqtGq3mA==",
			"license": "Apache-2.0",
			"peer": true,
			"engines": {
				"node": "*"
			}
		},
		"node_modules/aws4": {
			"version": "1.13.2",
			"resolved": "https://registry.npmjs.org/aws4/-/aws4-1.13.2.tgz",
			"integrity": "sha512-lHe62zvbTB5eEABUVi/AwVh0ZKY9rMMDhmm+eeyuuUQbQ3+J+fONVQOZyj+DdrvD4BY33uYniyRJ4UJIaSKAfw==",
			"license": "MIT",
			"peer": true
		},
		"node_modules/bcrypt-pbkdf": {
			"version": "1.0.2",
			"resolved": "https://registry.npmjs.org/bcrypt-pbkdf/-/bcrypt-pbkdf-1.0.2.tgz",
			"integrity": "sha512-qeFIXtP4MSoi6NLqO12WfqARWWuCKi2Rn/9hJLEmtB5yTNr9DqFWkJRCf2qShWzPeAMRnOgCrq0sg/KLv5ES9w==",
			"license": "BSD-3-Clause",
			"peer": true,
			"dependencies": {
				"tweetnacl": "^0.14.3"
			}
		},
		"node_modules/bn.js": {
			"version": "4.12.1",
			"resolved": "https://registry.npmjs.org/bn.js/-/bn.js-4.12.1.tgz",
			"integrity": "sha512-k8TVBiPkPJT9uHLdOKfFpqcfprwBFOAAXXozRubr7R7PfIuKvQlzcI4M0pALeqXN09vdaMbUdUj+pass+uULAg==",
			"dev": true,
			"license": "MIT"
		},
		"node_modules/brorand": {
			"version": "1.1.0",
			"resolved": "https://registry.npmjs.org/brorand/-/brorand-1.1.0.tgz",
			"integrity": "sha512-cKV8tMCEpQs4hK/ik71d6LrPOnpkpGBR0wzxqr68g2m/LB2GxVYQroAjMJZRVM1Y4BCjCKc3vAamxSzOY2RP+w==",
			"dev": true,
			"license": "MIT"
		},
		"node_modules/caseless": {
			"version": "0.12.0",
			"resolved": "https://registry.npmjs.org/caseless/-/caseless-0.12.0.tgz",
			"integrity": "sha512-4tYFyifaFfGacoiObjJegolkwSU4xQNGbVgUiNYVUxbQ2x2lUsFvY4hVgVzGiIe6WLOPqycWXA40l+PWsxthUw==",
			"license": "Apache-2.0",
			"peer": true
		},
		"node_modules/combined-stream": {
			"version": "1.0.8",
			"resolved": "https://registry.npmjs.org/combined-stream/-/combined-stream-1.0.8.tgz",
			"integrity": "sha512-FQN4MRfuJeHf7cBbBMJFXhKSDq+2kAArBlmRBvcvFE5BB1HZKXtSFASDhdlz9zOYwxh8lDdnvmMOe/+5cdoEdg==",
			"license": "MIT",
			"peer": true,
			"dependencies": {
				"delayed-stream": "~1.0.0"
			},
			"engines": {
				"node": ">= 0.8"
			}
		},
		"node_modules/core-util-is": {
			"version": "1.0.2",
			"resolved": "https://registry.npmjs.org/core-util-is/-/core-util-is-1.0.2.tgz",
			"integrity": "sha512-3lqz5YjWTYnW6dlDa5TLaTCcShfar1e40rmcJVwCBJC6mWlFuj0eCHIElmG1g5kyuJ/GD+8Wn4FFCcz4gJPfaQ==",
			"license": "MIT",
			"peer": true
		},
		"node_modules/dashdash": {
			"version": "1.14.1",
			"resolved": "https://registry.npmjs.org/dashdash/-/dashdash-1.14.1.tgz",
			"integrity": "sha512-jRFi8UDGo6j+odZiEpjazZaWqEal3w/basFjQHQEwVtZJGDpxbH1MeYluwCS8Xq5wmLJooDlMgvVarmWfGM44g==",
			"license": "MIT",
			"peer": true,
			"dependencies": {
				"assert-plus": "^1.0.0"
			},
			"engines": {
				"node": ">=0.10"
			}
		},
		"node_modules/delayed-stream": {
			"version": "1.0.0",
			"resolved": "https://registry.npmjs.org/delayed-stream/-/delayed-stream-1.0.0.tgz",
			"integrity": "sha512-ZySD7Nf91aLB0RxL4KGrKHBXl7Eds1DAmEdcoVawXnLD7SDhpNgtuII2aAkg7a7QS41jxPSZ17p4VdGnMHk3MQ==",
			"license": "MIT",
			"peer": true,
			"engines": {
				"node": ">=0.4.0"
			}
		},
		"node_modules/ecc-jsbn": {
			"version": "0.1.2",
			"resolved": "https://registry.npmjs.org/ecc-jsbn/-/ecc-jsbn-0.1.2.tgz",
			"integrity": "sha512-eh9O+hwRHNbG4BLTjEl3nw044CkGm5X6LoaCf7LPp7UU8Qrt47JYNi6nPX8xjW97TKGKm1ouctg0QSpZe9qrnw==",
			"license": "MIT",
			"peer": true,
			"dependencies": {
				"jsbn": "~0.1.0",
				"safer-buffer": "^2.1.0"
			}
		},
		"node_modules/elliptic": {
			"version": "6.6.1",
			"resolved": "https://registry.npmjs.org/elliptic/-/elliptic-6.6.1.tgz",
			"integrity": "sha512-RaddvvMatK2LJHqFJ+YA4WysVN5Ita9E35botqIYspQ4TkRAlCicdzKOjlyv/1Za5RyTNn7di//eEV0uTAfe3g==",
			"dev": true,
			"license": "MIT",
			"dependencies": {
				"bn.js": "^4.11.9",
				"brorand": "^1.1.0",
				"hash.js": "^1.0.0",
				"hmac-drbg": "^1.0.1",
				"inherits": "^2.0.4",
				"minimalistic-assert": "^1.0.1",
				"minimalistic-crypto-utils": "^1.0.1"
			}
		},
		"node_modules/ethers": {
			"version": "6.13.5",
			"resolved": "https://registry.npmjs.org/ethers/-/ethers-6.13.5.tgz",
			"integrity": "sha512-+knKNieu5EKRThQJWwqaJ10a6HE9sSehGeqWN65//wE7j47ZpFhKAnHB/JJFibwwg61I/koxaPsXbXpD/skNOQ==",
			"funding": [
				{
					"type": "individual",
					"url": "https://github.com/sponsors/ethers-io/"
				},
				{
					"type": "individual",
					"url": "https://www.buymeacoffee.com/ricmoo"
				}
			],
			"license": "MIT",
			"dependencies": {
				"@adraffy/ens-normalize": "1.10.1",
				"@noble/curves": "1.2.0",
				"@noble/hashes": "1.3.2",
				"@types/node": "22.7.5",
				"aes-js": "4.0.0-beta.5",
				"tslib": "2.7.0",
				"ws": "8.17.1"
			},
			"engines": {
				"node": ">=14.0.0"
			}
		},
		"node_modules/ethers/node_modules/@types/node": {
			"version": "22.7.5",
			"resolved": "https://registry.npmjs.org/@types/node/-/node-22.7.5.tgz",
			"integrity": "sha512-jML7s2NAzMWc//QSJ1a3prpk78cOPchGvXJsC3C6R6PSMoooztvRVQEz89gmBTBY1SPMaqo5teB4uNHPdetShQ==",
			"license": "MIT",
			"dependencies": {
				"undici-types": "~6.19.2"
			}
		},
		"node_modules/ethers/node_modules/undici-types": {
			"version": "6.19.8",
			"resolved": "https://registry.npmjs.org/undici-types/-/undici-types-6.19.8.tgz",
			"integrity": "sha512-ve2KP6f/JnbPBFyobGHuerC9g1FYGn/F8n1LWTwNxCEzd6IfqTwUQcNXgEtmmQ6DlRrC1hrSrBnCZPokRrDHjw==",
			"license": "MIT"
		},
		"node_modules/ethers/node_modules/ws": {
			"version": "8.17.1",
			"resolved": "https://registry.npmjs.org/ws/-/ws-8.17.1.tgz",
			"integrity": "sha512-6XQFvXTkbfUOZOKKILFG1PDK2NDQs4azKQl26T0YS5CxqWLgXajbPZ+h4gZekJyRqFU8pvnbAbbs/3TgRPy+GQ==",
			"license": "MIT",
			"engines": {
				"node": ">=10.0.0"
			},
			"peerDependencies": {
				"bufferutil": "^4.0.1",
				"utf-8-validate": ">=5.0.2"
			},
			"peerDependenciesMeta": {
				"bufferutil": {
					"optional": true
				},
				"utf-8-validate": {
					"optional": true
				}
			}
		},
		"node_modules/extend": {
			"version": "3.0.2",
			"resolved": "https://registry.npmjs.org/extend/-/extend-3.0.2.tgz",
			"integrity": "sha512-fjquC59cD7CyW6urNXK0FBufkZcoiGG80wTuPujX590cB5Ttln20E2UB4S/WARVqhXffZl2LNgS+gQdPIIim/g==",
			"license": "MIT"
		},
		"node_modules/extsprintf": {
			"version": "1.3.0",
			"resolved": "https://registry.npmjs.org/extsprintf/-/extsprintf-1.3.0.tgz",
			"integrity": "sha512-11Ndz7Nv+mvAC1j0ktTa7fAb0vLyGGX+rMHNBYQviQDGU0Hw7lhctJANqbPhu9nV9/izT/IntTgZ7Im/9LJs9g==",
			"engines": [
				"node >=0.6.0"
			],
			"license": "MIT",
			"peer": true
		},
		"node_modules/fast-deep-equal": {
			"version": "3.1.3",
			"resolved": "https://registry.npmjs.org/fast-deep-equal/-/fast-deep-equal-3.1.3.tgz",
			"integrity": "sha512-f3qQ9oQy9j2AhBe/H9VC91wLmKBCCU/gDOnKNAYG5hswO7BLKj09Hc5HYNz9cGI++xlpDCIgDaitVs03ATR84Q==",
			"license": "MIT",
			"peer": true
		},
		"node_modules/fast-json-stable-stringify": {
			"version": "2.1.0",
			"resolved": "https://registry.npmjs.org/fast-json-stable-stringify/-/fast-json-stable-stringify-2.1.0.tgz",
			"integrity": "sha512-lhd/wF+Lk98HZoTCtlVraHtfh5XYijIjalXck7saUtuanSDyLMxnHhSXEDJqHxD7msR8D0uCmqlkwjCV8xvwHw==",
			"license": "MIT",
			"peer": true
		},
		"node_modules/forever-agent": {
			"version": "0.6.1",
			"resolved": "https://registry.npmjs.org/forever-agent/-/forever-agent-0.6.1.tgz",
			"integrity": "sha512-j0KLYPhm6zeac4lz3oJ3o65qvgQCcPubiyotZrXqEaG4hNagNYO8qdlUrX5vwqv9ohqeT/Z3j6+yW067yWWdUw==",
			"license": "Apache-2.0",
			"peer": true,
			"engines": {
				"node": "*"
			}
		},
		"node_modules/form-data": {
			"version": "2.3.3",
			"resolved": "https://registry.npmjs.org/form-data/-/form-data-2.3.3.tgz",
			"integrity": "sha512-1lLKB2Mu3aGP1Q/2eCOx0fNbRMe7XdwktwOruhfqqd0rIJWwN4Dh+E3hrPSlDCXnSR7UtZ1N38rVXm+6+MEhJQ==",
			"license": "MIT",
			"peer": true,
			"dependencies": {
				"asynckit": "^0.4.0",
				"combined-stream": "^1.0.6",
				"mime-types": "^2.1.12"
			},
			"engines": {
				"node": ">= 0.12"
			}
		},
		"node_modules/getpass": {
			"version": "0.1.7",
			"resolved": "https://registry.npmjs.org/getpass/-/getpass-0.1.7.tgz",
			"integrity": "sha512-0fzj9JxOLfJ+XGLhR8ze3unN0KZCgZwiSSDz168VERjK8Wl8kVSdcu2kspd4s4wtAa1y/qrVRiAA0WclVsu0ng==",
			"license": "MIT",
			"peer": true,
			"dependencies": {
				"assert-plus": "^1.0.0"
			}
		},
		"node_modules/har-schema": {
			"version": "2.0.0",
			"resolved": "https://registry.npmjs.org/har-schema/-/har-schema-2.0.0.tgz",
			"integrity": "sha512-Oqluz6zhGX8cyRaTQlFMPw80bSJVG2x/cFb8ZPhUILGgHka9SsokCCOQgpveePerqidZOrT14ipqfJb7ILcW5Q==",
			"license": "ISC",
			"peer": true,
			"engines": {
				"node": ">=4"
			}
		},
		"node_modules/har-validator": {
			"version": "5.1.5",
			"resolved": "https://registry.npmjs.org/har-validator/-/har-validator-5.1.5.tgz",
			"integrity": "sha512-nmT2T0lljbxdQZfspsno9hgrG3Uir6Ks5afism62poxqBM6sDnMEuPmzTq8XN0OEwqKLLdh1jQI3qyE66Nzb3w==",
			"deprecated": "this library is no longer supported",
			"license": "MIT",
			"peer": true,
			"dependencies": {
				"ajv": "^6.12.3",
				"har-schema": "^2.0.0"
			},
			"engines": {
				"node": ">=6"
			}
		},
		"node_modules/hash.js": {
			"version": "1.1.7",
			"resolved": "https://registry.npmjs.org/hash.js/-/hash.js-1.1.7.tgz",
			"integrity": "sha512-taOaskGt4z4SOANNseOviYDvjEJinIkRgmp7LbKP2YTTmVxWBl87s/uzK9r+44BclBSp2X7K1hqeNfz9JbBeXA==",
			"dev": true,
			"license": "MIT",
			"dependencies": {
				"inherits": "^2.0.3",
				"minimalistic-assert": "^1.0.1"
			}
		},
		"node_modules/hmac-drbg": {
			"version": "1.0.1",
			"resolved": "https://registry.npmjs.org/hmac-drbg/-/hmac-drbg-1.0.1.tgz",
			"integrity": "sha512-Tti3gMqLdZfhOQY1Mzf/AanLiqh1WTiJgEj26ZuYQ9fbkLomzGchCws4FyrSd4VkpBfiNhaE1On+lOz894jvXg==",
			"dev": true,
			"license": "MIT",
			"dependencies": {
				"hash.js": "^1.0.3",
				"minimalistic-assert": "^1.0.0",
				"minimalistic-crypto-utils": "^1.0.1"
			}
		},
		"node_modules/http-signature": {
			"version": "1.2.0",
			"resolved": "https://registry.npmjs.org/http-signature/-/http-signature-1.2.0.tgz",
			"integrity": "sha512-CAbnr6Rz4CYQkLYUtSNXxQPUH2gK8f3iWexVlsnMeD+GjlsQ0Xsy1cOX+mN3dtxYomRy21CiOzU8Uhw6OwncEQ==",
			"license": "MIT",
			"peer": true,
			"dependencies": {
				"assert-plus": "^1.0.0",
				"jsprim": "^1.2.2",
				"sshpk": "^1.7.0"
			},
			"engines": {
				"node": ">=0.8",
				"npm": ">=1.3.7"
			}
		},
		"node_modules/inherits": {
			"version": "2.0.4",
			"resolved": "https://registry.npmjs.org/inherits/-/inherits-2.0.4.tgz",
			"integrity": "sha512-k/vGaX4/Yla3WzyMCvTQOXYeIHvqOKtnqBduzTHpzpQZzAskKMhZ2K+EnBiSM9zGSoIFeMpXKxa4dYeZIQqewQ==",
			"dev": true,
			"license": "ISC"
		},
		"node_modules/is-typedarray": {
			"version": "1.0.0",
			"resolved": "https://registry.npmjs.org/is-typedarray/-/is-typedarray-1.0.0.tgz",
			"integrity": "sha512-cyA56iCMHAh5CdzjJIa4aohJyeO1YbwLi3Jc35MmRU6poroFjIGZzUzupGiRPOjgHg9TLu43xbpwXk523fMxKA==",
			"license": "MIT",
			"peer": true
		},
		"node_modules/isstream": {
			"version": "0.1.2",
			"resolved": "https://registry.npmjs.org/isstream/-/isstream-0.1.2.tgz",
			"integrity": "sha512-Yljz7ffyPbrLpLngrMtZ7NduUgVvi6wG9RJ9IUcyCd59YQ911PBJphODUcbOVbqYfxe1wuYf/LJ8PauMRwsM/g==",
			"license": "MIT",
			"peer": true
		},
		"node_modules/jsbn": {
			"version": "0.1.1",
			"resolved": "https://registry.npmjs.org/jsbn/-/jsbn-0.1.1.tgz",
			"integrity": "sha512-UVU9dibq2JcFWxQPA6KCqj5O42VOmAY3zQUfEKxU0KpTGXwNoCjkX1e13eHNvw/xPynt6pU0rZ1htjWTNTSXsg==",
			"license": "MIT",
			"peer": true
		},
		"node_modules/json-schema": {
			"version": "0.4.0",
			"resolved": "https://registry.npmjs.org/json-schema/-/json-schema-0.4.0.tgz",
			"integrity": "sha512-es94M3nTIfsEPisRafak+HDLfHXnKBhV3vU5eqPcS3flIWqcxJWgXHXiey3YrpaNsanY5ei1VoYEbOzijuq9BA==",
			"license": "(AFL-2.1 OR BSD-3-Clause)",
			"peer": true
		},
		"node_modules/json-schema-traverse": {
			"version": "0.4.1",
			"resolved": "https://registry.npmjs.org/json-schema-traverse/-/json-schema-traverse-0.4.1.tgz",
			"integrity": "sha512-xbbCH5dCYU5T8LcEhhuh7HJ88HXuW3qsI3Y0zOZFKfZEHcpWiHU/Jxzk629Brsab/mMiHQti9wMP+845RPe3Vg==",
			"license": "MIT",
			"peer": true
		},
		"node_modules/json-stringify-safe": {
			"version": "5.0.1",
			"resolved": "https://registry.npmjs.org/json-stringify-safe/-/json-stringify-safe-5.0.1.tgz",
			"integrity": "sha512-ZClg6AaYvamvYEE82d3Iyd3vSSIjQ+odgjaTzRuO3s7toCdFKczob2i0zCh7JE8kWn17yvAWhUVxvqGwUalsRA==",
			"license": "ISC",
			"peer": true
		},
		"node_modules/jsprim": {
			"version": "1.4.2",
			"resolved": "https://registry.npmjs.org/jsprim/-/jsprim-1.4.2.tgz",
			"integrity": "sha512-P2bSOMAc/ciLz6DzgjVlGJP9+BrJWu5UDGK70C2iweC5QBIeFf0ZXRvGjEj2uYgrY2MkAAhsSWHDWlFtEroZWw==",
			"license": "MIT",
			"peer": true,
			"dependencies": {
				"assert-plus": "1.0.0",
				"extsprintf": "1.3.0",
				"json-schema": "0.4.0",
				"verror": "1.10.0"
			},
			"engines": {
				"node": ">=0.6.0"
			}
		},
		"node_modules/lodash": {
			"version": "4.17.21",
			"resolved": "https://registry.npmjs.org/lodash/-/lodash-4.17.21.tgz",
			"integrity": "sha512-v2kDEe57lecTulaDIuNTPy3Ry4gLGJ6Z1O3vE1krgXZNrsQ+LFTGHVxVjcXPs17LhbZVGedAJv8XZ1tvj5FvSg==",
			"license": "MIT"
		},
		"node_modules/mime-db": {
			"version": "1.52.0",
			"resolved": "https://registry.npmjs.org/mime-db/-/mime-db-1.52.0.tgz",
			"integrity": "sha512-sPU4uV7dYlvtWJxwwxHD0PuihVNiE7TyAbQ5SWxDCB9mUYvOgroQOwYQQOKPJ8CIbE+1ETVlOoK1UC2nU3gYvg==",
			"license": "MIT",
			"peer": true,
			"engines": {
				"node": ">= 0.6"
			}
		},
		"node_modules/mime-types": {
			"version": "2.1.35",
			"resolved": "https://registry.npmjs.org/mime-types/-/mime-types-2.1.35.tgz",
			"integrity": "sha512-ZDY+bPm5zTTF+YpCrAU9nK0UgICYPT0QtT1NZWFv4s++TNkcgVaT0g6+4R2uI4MjQjzysHB1zxuWL50hzaeXiw==",
			"license": "MIT",
			"peer": true,
			"dependencies": {
				"mime-db": "1.52.0"
			},
			"engines": {
				"node": ">= 0.6"
			}
		},
		"node_modules/minimalistic-assert": {
			"version": "1.0.1",
			"resolved": "https://registry.npmjs.org/minimalistic-assert/-/minimalistic-assert-1.0.1.tgz",
			"integrity": "sha512-UtJcAD4yEaGtjPezWuO9wC4nwUnVH/8/Im3yEHQP4b67cXlD/Qr9hdITCU1xDbSEXg2XKNaP8jsReV7vQd00/A==",
			"dev": true,
			"license": "ISC"
		},
		"node_modules/minimalistic-crypto-utils": {
			"version": "1.0.1",
			"resolved": "https://registry.npmjs.org/minimalistic-crypto-utils/-/minimalistic-crypto-utils-1.0.1.tgz",
			"integrity": "sha512-JIYlbt6g8i5jKfJ3xz7rF0LXmv2TkDxBLUkiBeZ7bAx4GnnNMr8xFpGnOxn6GhTEHx3SjRrZEoU+j04prX1ktg==",
			"dev": true,
			"license": "MIT"
		},
		"node_modules/oauth-sign": {
			"version": "0.9.0",
			"resolved": "https://registry.npmjs.org/oauth-sign/-/oauth-sign-0.9.0.tgz",
			"integrity": "sha512-fexhUFFPTGV8ybAtSIGbV6gOkSv8UtRbDBnAyLQw4QPKkgNlsH2ByPGtMUqdWkos6YCRmAqViwgZrJc/mRDzZQ==",
			"license": "Apache-2.0",
			"peer": true,
			"engines": {
				"node": "*"
			}
		},
		"node_modules/opsgenie-sdk": {
			"version": "0.5.1",
			"resolved": "https://registry.npmjs.org/opsgenie-sdk/-/opsgenie-sdk-0.5.1.tgz",
			"integrity": "sha512-iQfACqnhPGAJPxbghGnNKNEEmAUGxn33SI1x7+kgIkbkYx0t/7zFZ6Xye62/OgZPLO6jVB7/0b8QZiNJiSrSvQ==",
			"license": "Apache-2.0",
			"dependencies": {
				"requestretry": "^7.0.0"
			},
			"engines": {
				"node": ">= v0.6.0"
			}
		},
		"node_modules/performance-now": {
			"version": "2.1.0",
			"resolved": "https://registry.npmjs.org/performance-now/-/performance-now-2.1.0.tgz",
			"integrity": "sha512-7EAHlyLHI56VEIdK57uwHdHKIaAGbnXPiw0yWbarQZOKaKpvUIgW0jWRVLiatnM+XXlSwsanIBH/hzGMJulMow==",
			"license": "MIT",
			"peer": true
		},
		"node_modules/prettier": {
			"version": "3.5.2",
			"resolved": "https://registry.npmjs.org/prettier/-/prettier-3.5.2.tgz",
			"integrity": "sha512-lc6npv5PH7hVqozBR7lkBNOGXV9vMwROAPlumdBkX0wTbbzPu/U1hk5yL8p2pt4Xoc+2mkT8t/sow2YrV/M5qg==",
			"dev": true,
			"license": "MIT",
			"bin": {
				"prettier": "bin/prettier.cjs"
			},
			"engines": {
				"node": ">=14"
			},
			"funding": {
				"url": "https://github.com/prettier/prettier?sponsor=1"
			}
		},
		"node_modules/psl": {
			"version": "1.15.0",
			"resolved": "https://registry.npmjs.org/psl/-/psl-1.15.0.tgz",
			"integrity": "sha512-JZd3gMVBAVQkSs6HdNZo9Sdo0LNcQeMNP3CozBJb3JYC/QUYZTnKxP+f8oWRX4rHP5EurWxqAHTSwUCjlNKa1w==",
			"license": "MIT",
			"peer": true,
			"dependencies": {
				"punycode": "^2.3.1"
			},
			"funding": {
				"url": "https://github.com/sponsors/lupomontero"
			}
		},
		"node_modules/punycode": {
			"version": "2.3.1",
			"resolved": "https://registry.npmjs.org/punycode/-/punycode-2.3.1.tgz",
			"integrity": "sha512-vYt7UD1U9Wg6138shLtLOvdAu+8DsC/ilFtEVHcH+wydcSpNE20AfSOduf6MkRFahL5FY7X1oU7nKVZFtfq8Fg==",
			"license": "MIT",
			"peer": true,
			"engines": {
				"node": ">=6"
			}
		},
		"node_modules/qs": {
			"version": "6.5.3",
			"resolved": "https://registry.npmjs.org/qs/-/qs-6.5.3.tgz",
			"integrity": "sha512-qxXIEh4pCGfHICj1mAJQ2/2XVZkjCDTcEgfoSQxc/fYivUZxTkk7L3bDBJSoNrEzXI17oUO5Dp07ktqE5KzczA==",
			"license": "BSD-3-Clause",
			"peer": true,
			"engines": {
				"node": ">=0.6"
			}
		},
		"node_modules/request": {
			"version": "2.88.2",
			"resolved": "https://registry.npmjs.org/request/-/request-2.88.2.tgz",
			"integrity": "sha512-MsvtOrfG9ZcrOwAW+Qi+F6HbD0CWXEh9ou77uOb7FM2WPhwT7smM833PzanhJLsgXjN89Ir6V2PczXNnMpwKhw==",
			"deprecated": "request has been deprecated, see https://github.com/request/request/issues/3142",
			"license": "Apache-2.0",
			"peer": true,
			"dependencies": {
				"aws-sign2": "~0.7.0",
				"aws4": "^1.8.0",
				"caseless": "~0.12.0",
				"combined-stream": "~1.0.6",
				"extend": "~3.0.2",
				"forever-agent": "~0.6.1",
				"form-data": "~2.3.2",
				"har-validator": "~5.1.3",
				"http-signature": "~1.2.0",
				"is-typedarray": "~1.0.0",
				"isstream": "~0.1.2",
				"json-stringify-safe": "~5.0.1",
				"mime-types": "~2.1.19",
				"oauth-sign": "~0.9.0",
				"performance-now": "^2.1.0",
				"qs": "~6.5.2",
				"safe-buffer": "^5.1.2",
				"tough-cookie": "~2.5.0",
				"tunnel-agent": "^0.6.0",
				"uuid": "^3.3.2"
			},
			"engines": {
				"node": ">= 6"
			}
		},
		"node_modules/request/node_modules/tough-cookie": {
			"version": "2.5.0",
			"resolved": "https://registry.npmjs.org/tough-cookie/-/tough-cookie-2.5.0.tgz",
			"integrity": "sha512-nlLsUzgm1kfLXSXfRZMc1KLAugd4hqJHDTvc2hDIwS3mZAfMEuMbc03SujMF+GEcpaX/qboeycw6iO8JwVv2+g==",
			"license": "BSD-3-Clause",
			"peer": true,
			"dependencies": {
				"psl": "^1.1.28",
				"punycode": "^2.1.1"
			},
			"engines": {
				"node": ">=0.8"
			}
		},
		"node_modules/requestretry": {
			"version": "7.1.0",
			"resolved": "https://registry.npmjs.org/requestretry/-/requestretry-7.1.0.tgz",
			"integrity": "sha512-TqVDgp251BW4b8ddQ2ptaj/57Z3LZHLscAUT7v6qs70buqF2/IoOVjYbpjJ6HiW7j5+waqegGI8xKJ/+uzgDmw==",
			"license": "MIT",
			"dependencies": {
				"extend": "^3.0.2",
				"lodash": "^4.17.15"
			},
			"peerDependencies": {
				"request": "2.*.*"
			}
		},
		"node_modules/safe-buffer": {
			"version": "5.2.1",
			"resolved": "https://registry.npmjs.org/safe-buffer/-/safe-buffer-5.2.1.tgz",
			"integrity": "sha512-rp3So07KcdmmKbGvgaNxQSJr7bGVSVk5S9Eq1F+ppbRo70+YeaDxkw5Dd8NPN+GD6bjnYm2VuPuCXmpuYvmCXQ==",
			"funding": [
				{
					"type": "github",
					"url": "https://github.com/sponsors/feross"
				},
				{
					"type": "patreon",
					"url": "https://www.patreon.com/feross"
				},
				{
					"type": "consulting",
					"url": "https://feross.org/support"
				}
			],
			"license": "MIT",
			"peer": true
		},
		"node_modules/safer-buffer": {
			"version": "2.1.2",
			"resolved": "https://registry.npmjs.org/safer-buffer/-/safer-buffer-2.1.2.tgz",
			"integrity": "sha512-YZo3K82SD7Riyi0E1EQPojLz7kpepnSQI9IyPbHHg1XXXevb5dJI7tpyN2ADxGcQbHG7vcyRHk0cbwqcQriUtg==",
			"license": "MIT",
			"peer": true
		},
		"node_modules/sshpk": {
			"version": "1.18.0",
			"resolved": "https://registry.npmjs.org/sshpk/-/sshpk-1.18.0.tgz",
			"integrity": "sha512-2p2KJZTSqQ/I3+HX42EpYOa2l3f8Erv8MWKsy2I9uf4wA7yFIkXRffYdsx86y6z4vHtV8u7g+pPlr8/4ouAxsQ==",
			"license": "MIT",
			"peer": true,
			"dependencies": {
				"asn1": "~0.2.3",
				"assert-plus": "^1.0.0",
				"bcrypt-pbkdf": "^1.0.0",
				"dashdash": "^1.12.0",
				"ecc-jsbn": "~0.1.1",
				"getpass": "^0.1.1",
				"jsbn": "~0.1.0",
				"safer-buffer": "^2.0.2",
				"tweetnacl": "~0.14.0"
			},
			"bin": {
				"sshpk-conv": "bin/sshpk-conv",
				"sshpk-sign": "bin/sshpk-sign",
				"sshpk-verify": "bin/sshpk-verify"
			},
			"engines": {
				"node": ">=0.10.0"
			}
		},
		"node_modules/tldts": {
			"version": "6.1.78",
			"resolved": "https://registry.npmjs.org/tldts/-/tldts-6.1.78.tgz",
			"integrity": "sha512-fSgYrW0ITH0SR/CqKMXIruYIPpNu5aDgUp22UhYoSrnUQwc7SBqifEBFNce7AAcygUPBo6a/gbtcguWdmko4RQ==",
			"dev": true,
			"license": "MIT",
			"dependencies": {
				"tldts-core": "^6.1.78"
			},
			"bin": {
				"tldts": "bin/cli.js"
			}
		},
		"node_modules/tldts-core": {
			"version": "6.1.78",
			"resolved": "https://registry.npmjs.org/tldts-core/-/tldts-core-6.1.78.tgz",
			"integrity": "sha512-jS0svNsB99jR6AJBmfmEWuKIgz91Haya91Z43PATaeHJ24BkMoNRb/jlaD37VYjb0mYf6gRL/HOnvS1zEnYBiw==",
			"dev": true,
			"license": "MIT"
		},
		"node_modules/tough-cookie": {
			"version": "5.1.1",
			"resolved": "https://registry.npmjs.org/tough-cookie/-/tough-cookie-5.1.1.tgz",
			"integrity": "sha512-Ek7HndSVkp10hmHP9V4qZO1u+pn1RU5sI0Fw+jCU3lyvuMZcgqsNgc6CmJJZyByK4Vm/qotGRJlfgAX8q+4JiA==",
			"dev": true,
			"license": "BSD-3-Clause",
			"dependencies": {
				"tldts": "^6.1.32"
			},
			"engines": {
				"node": ">=16"
			}
		},
		"node_modules/tslib": {
			"version": "2.7.0",
			"resolved": "https://registry.npmjs.org/tslib/-/tslib-2.7.0.tgz",
			"integrity": "sha512-gLXCKdN1/j47AiHiOkJN69hJmcbGTHI0ImLmbYLHykhgeN0jVGola9yVjFgzCUklsZQMW55o+dW7IXv3RCXDzA==",
			"license": "0BSD"
		},
		"node_modules/tunnel-agent": {
			"version": "0.6.0",
			"resolved": "https://registry.npmjs.org/tunnel-agent/-/tunnel-agent-0.6.0.tgz",
			"integrity": "sha512-McnNiV1l8RYeY8tBgEpuodCC1mLUdbSN+CYBL7kJsJNInOP8UjDDEwdk6Mw60vdLLrr5NHKZhMAOSrR2NZuQ+w==",
			"license": "Apache-2.0",
			"peer": true,
			"dependencies": {
				"safe-buffer": "^5.0.1"
			},
			"engines": {
				"node": "*"
			}
		},
		"node_modules/tweetnacl": {
			"version": "0.14.5",
			"resolved": "https://registry.npmjs.org/tweetnacl/-/tweetnacl-0.14.5.tgz",
			"integrity": "sha512-KXXFFdAbFXY4geFIwoyNK+f5Z1b7swfXABfL7HXCmoIWMKU3dmS26672A4EeQtDzLKy7SXmfBu51JolvEKwtGA==",
			"license": "Unlicense",
			"peer": true
		},
		"node_modules/typescript": {
			"version": "4.9.5",
			"resolved": "https://registry.npmjs.org/typescript/-/typescript-4.9.5.tgz",
			"integrity": "sha512-1FXk9E2Hm+QzZQ7z+McJiHL4NW1F2EzMu9Nq9i3zAaGqibafqYwCVU6WyWAuyQRRzOlxou8xZSyXLEN8oKj24g==",
			"dev": true,
			"license": "Apache-2.0",
			"bin": {
				"tsc": "bin/tsc",
				"tsserver": "bin/tsserver"
			},
			"engines": {
				"node": ">=4.2.0"
			}
		},
		"node_modules/undici-types": {
			"version": "6.20.0",
			"resolved": "https://registry.npmjs.org/undici-types/-/undici-types-6.20.0.tgz",
			"integrity": "sha512-Ny6QZ2Nju20vw1SRHe3d9jVu6gJ+4e3+MMpqu7pqE5HT6WsTSlce++GQmK5UXS8mzV8DSYHrQH+Xrf2jVcuKNg==",
			"license": "MIT"
		},
		"node_modules/uri-js": {
			"version": "4.4.1",
			"resolved": "https://registry.npmjs.org/uri-js/-/uri-js-4.4.1.tgz",
			"integrity": "sha512-7rKUyy33Q1yc98pQ1DAmLtwX109F7TIfWlW1Ydo8Wl1ii1SeHieeh0HHfPeL2fMXK6z0s8ecKs9frCuLJvndBg==",
			"license": "BSD-2-Clause",
			"peer": true,
			"dependencies": {
				"punycode": "^2.1.0"
			}
		},
		"node_modules/uuid": {
			"version": "3.4.0",
			"resolved": "https://registry.npmjs.org/uuid/-/uuid-3.4.0.tgz",
			"integrity": "sha512-HjSDRw6gZE5JMggctHBcjVak08+KEVhSIiDzFnT9S9aegmp85S/bReBVTb4QTFaRNptJ9kuYaNhnbNEOkbKb/A==",
			"deprecated": "Please upgrade  to version 7 or higher.  Older versions may use Math.random() in certain circumstances, which is known to be problematic.  See https://v8.dev/blog/math-random for details.",
			"license": "MIT",
			"peer": true,
			"bin": {
				"uuid": "bin/uuid"
			}
		},
		"node_modules/verror": {
			"version": "1.10.0",
			"resolved": "https://registry.npmjs.org/verror/-/verror-1.10.0.tgz",
			"integrity": "sha512-ZZKSmDAEFOijERBLkmYfJ+vmk3w+7hOLYDNkRCuRuMJGEmqYNCNLyBBFwWKVMhfwaEF3WOd0Zlw86U/WC/+nYw==",
			"engines": [
				"node >=0.6.0"
			],
			"license": "MIT",
			"peer": true,
			"dependencies": {
				"assert-plus": "^1.0.0",
				"core-util-is": "1.0.2",
				"extsprintf": "^1.2.0"
			}
		},
		"node_modules/ws": {
			"version": "8.18.1",
			"resolved": "https://registry.npmjs.org/ws/-/ws-8.18.1.tgz",
			"integrity": "sha512-RKW2aJZMXeMxVpnZ6bck+RswznaxmzdULiBr6KY7XkTnW8uvt0iT9H5DkHUChXrc+uurzwa0rVI16n/Xzjdz1w==",
			"dev": true,
			"license": "MIT",
			"engines": {
				"node": ">=10.0.0"
			},
			"peerDependencies": {
				"bufferutil": "^4.0.1",
				"utf-8-validate": ">=5.0.2"
			},
			"peerDependenciesMeta": {
				"bufferutil": {
					"optional": true
				},
				"utf-8-validate": {
					"optional": true
				}
			}
		}
	}
}
